# Generated by pub
# See https://dart.dev/tools/pub/glossary#lockfile
packages:
  _flutterfire_internals:
    dependency: transitive
    description:
      name: _flutterfire_internals
      sha256: e4a1b612fd2955908e26116075b3a4baf10c353418ca645b4deae231c82bf144
      url: "https://pub.dev"
    source: hosted
    version: "1.3.65"
  antlr4:
    dependency: transitive
    description:
      name: antlr4
      sha256: "752b4a6e4ad97953652a2b2bbf5377f46c94b579d3372b50080c7e5858234a05"
      url: "https://pub.dev"
    source: hosted
    version: "4.13.2"
  archive:
    dependency: transitive
    description:
      name: archive
      sha256: "2fde1607386ab523f7a36bb3e7edb43bd58e6edaf2ffb29d8a6d578b297fdbbd"
      url: "https://pub.dev"
    source: hosted
    version: "4.0.7"
  args:
    dependency: transitive
    description:
      name: args
      sha256: d0481093c50b1da8910eb0bb301626d4d8eb7284aa739614d2b394ee09e3ea04
      url: "https://pub.dev"
    source: hosted
    version: "2.7.0"
  async:
    dependency: transitive
    description:
      name: async
      sha256: "758e6d74e971c3e5aceb4110bfd6698efc7f501675bcfe0c775459a8140750eb"
      url: "https://pub.dev"
    source: hosted
    version: "2.13.0"
  boolean_selector:
    dependency: transitive
    description:
      name: boolean_selector
      sha256: "8aab1771e1243a5063b8b0ff68042d67334e3feab9e95b9490f9a6ebf73b42ea"
      url: "https://pub.dev"
    source: hosted
    version: "2.1.2"
  cel:
    dependency: transitive
    description:
      name: cel
      sha256: "2b5adb2c4866311817f6444996a67fd14f016cfcfb57a8d9c7fb0defeea2eb62"
      url: "https://pub.dev"
    source: hosted
    version: "0.5.3"
  characters:
    dependency: transitive
    description:
      name: characters
      sha256: f71061c654a3380576a52b451dd5532377954cf9dbd272a78fc8479606670803
      url: "https://pub.dev"
    source: hosted
    version: "1.4.0"
  checked_yaml:
    dependency: transitive
    description:
      name: checked_yaml
      sha256: "959525d3162f249993882720d52b7e0c833978df229be20702b33d48d91de70f"
      url: "https://pub.dev"
    source: hosted
    version: "2.0.4"
  cli_util:
    dependency: transitive
    description:
      name: cli_util
      sha256: ff6785f7e9e3c38ac98b2fb035701789de90154024a75b6cb926445e83197d1c
      url: "https://pub.dev"
    source: hosted
    version: "0.4.2"
  clock:
    dependency: transitive
    description:
      name: clock
      sha256: fddb70d9b5277016c77a80201021d40a2247104d9f4aa7bab7157b7e3f05b84b
      url: "https://pub.dev"
    source: hosted
    version: "1.1.2"
  cloud_firestore:
    dependency: "direct main"
    description:
      name: cloud_firestore
      sha256: "88abd6dc7786c23c8b5e434901bb0d79176414e52e9ab50a8e52552ff6148d7a"
      url: "https://pub.dev"
    source: hosted
    version: "6.1.1"
  cloud_firestore_platform_interface:
    dependency: transitive
    description:
      name: cloud_firestore_platform_interface
      sha256: "573d4b4ebc56ba573dc9bac88b65bdb991cc5b66a885a62c7ab8dd1e2eaa0944"
      url: "https://pub.dev"
    source: hosted
    version: "7.0.5"
  cloud_firestore_web:
    dependency: transitive
    description:
      name: cloud_firestore_web
      sha256: c1ef53308a09d475503f75b658b65fae32af24047d03bba0713098f882ed187f
      url: "https://pub.dev"
    source: hosted
    version: "5.1.1"
  cloud_functions:
    dependency: "direct main"
    description:
      name: cloud_functions
      sha256: de61b0a5112252555f78655b0f6dbe7db241e41613249202819b71064ad35b5a
      url: "https://pub.dev"
    source: hosted
    version: "6.0.5"
  cloud_functions_platform_interface:
    dependency: transitive
    description:
      name: cloud_functions_platform_interface
      sha256: e40eaed88bb5b8cec8377d5a83d9360f3fbf09088edb9b5e0c761763fa9caf52
      url: "https://pub.dev"
    source: hosted
    version: "5.8.8"
  cloud_functions_web:
    dependency: transitive
    description:
      name: cloud_functions_web
      sha256: a42c7de98dd94bd376c0cc818fb14dda499b1914ff6e2b89081935a2da934823
      url: "https://pub.dev"
    source: hosted
    version: "5.1.1"
  collection:
    dependency: transitive
    description:
      name: collection
      sha256: "2f5709ae4d3d59dd8f7cd309b4e023046b57d8a6c82130785d2b0e5868084e76"
      url: "https://pub.dev"
    source: hosted
    version: "1.19.1"
  cross_file:
    dependency: transitive
    description:
      name: cross_file
      sha256: "701dcfc06da0882883a2657c445103380e53e647060ad8d9dfb710c100996608"
      url: "https://pub.dev"
    source: hosted
    version: "0.3.5+1"
  crypto:
    dependency: transitive
    description:
      name: crypto
      sha256: c8ea0233063ba03258fbcf2ca4d6dadfefe14f02fab57702265467a19f27fadf
      url: "https://pub.dev"
    source: hosted
    version: "3.0.7"
  csslib:
    dependency: transitive
    description:
      name: csslib
      sha256: "09bad715f418841f976c77db72d5398dc1253c21fb9c0c7f0b0b985860b2d58e"
      url: "https://pub.dev"
    source: hosted
    version: "1.0.2"
  dbus:
    dependency: transitive
    description:
      name: dbus
      sha256: "79e0c23480ff85dc68de79e2cd6334add97e48f7f4865d17686dd6ea81a47e8c"
      url: "https://pub.dev"
    source: hosted
    version: "0.7.11"
  equatable:
    dependency: transitive
    description:
      name: equatable
      sha256: "567c64b3cb4cf82397aac55f4f0cbd3ca20d77c6c03bedbc4ceaddc08904aef7"
      url: "https://pub.dev"
    source: hosted
    version: "2.0.7"
  fake_async:
    dependency: transitive
    description:
      name: fake_async
      sha256: "5368f224a74523e8d2e7399ea1638b37aecfca824a3cc4dfdf77bf1fa905ac44"
      url: "https://pub.dev"
    source: hosted
    version: "1.3.3"
  fake_cloud_firestore:
    dependency: "direct dev"
    description:
      name: fake_cloud_firestore
      sha256: "5f6b6315a3baa65587cc6d41b91f8ae3364b2f4d332fe96a1c258992840a13c2"
      url: "https://pub.dev"
    source: hosted
    version: "4.0.0"
  fake_firebase_security_rules:
    dependency: transitive
    description:
      name: fake_firebase_security_rules
      sha256: "7a9011d42d99848ece92784fed5a20167ad76da66de2c1102a2bc053e66b0305"
      url: "https://pub.dev"
    source: hosted
    version: "0.5.3"
  ffi:
    dependency: transitive
    description:
      name: ffi
      sha256: "289279317b4b16eb2bb7e271abccd4bf84ec9bdcbe999e278a94b804f5630418"
      url: "https://pub.dev"
    source: hosted
    version: "2.1.4"
  file:
    dependency: transitive
    description:
      name: file
      sha256: a3b4f84adafef897088c160faf7dfffb7696046cb13ae90b508c2cbc95d3b8d4
      url: "https://pub.dev"
    source: hosted
    version: "7.0.1"
  file_selector_linux:
    dependency: transitive
    description:
      name: file_selector_linux
      sha256: "2567f398e06ac72dcf2e98a0c95df2a9edd03c2c2e0cacd4780f20cdf56263a0"
      url: "https://pub.dev"
    source: hosted
    version: "0.9.4"
  file_selector_macos:
    dependency: transitive
    description:
      name: file_selector_macos
      sha256: "5e0bbe9c312416f1787a68259ea1505b52f258c587f12920422671807c4d618a"
      url: "https://pub.dev"
    source: hosted
    version: "0.9.5"
  file_selector_platform_interface:
    dependency: transitive
    description:
      name: file_selector_platform_interface
      sha256: "35e0bd61ebcdb91a3505813b055b09b79dfdc7d0aee9c09a7ba59ae4bb13dc85"
      url: "https://pub.dev"
    source: hosted
    version: "2.7.0"
  file_selector_windows:
    dependency: transitive
    description:
      name: file_selector_windows
      sha256: "62197474ae75893a62df75939c777763d39c2bc5f73ce5b88497208bc269abfd"
      url: "https://pub.dev"
    source: hosted
    version: "0.9.3+5"
  firebase_analytics:
    dependency: "direct main"
    description:
      name: firebase_analytics
      sha256: "8ca4832c7a6d145ce987fd07d6dfbb8c91d9058178342f20de6305fb77b1b40d"
      url: "https://pub.dev"
    source: hosted
    version: "12.1.0"
  firebase_analytics_platform_interface:
    dependency: transitive
    description:
      name: firebase_analytics_platform_interface
      sha256: d00234716f415f89eb5c2cefb1238d7fd2f3120275d71414b84ae434dcdb7a19
      url: "https://pub.dev"
    source: hosted
    version: "5.0.5"
  firebase_analytics_web:
    dependency: transitive
    description:
      name: firebase_analytics_web
      sha256: e42b294e51aedb4bd4b761a886c8d6b473c44b44aa4c0b47cab06b2c66ac3fba
      url: "https://pub.dev"
    source: hosted
    version: "0.6.1+1"
  firebase_auth:
    dependency: "direct main"
    description:
      name: firebase_auth
      sha256: "060a9bfc9877538dfdc69f2fdc1e0bf068439a7e9f22da6513f7b9bde308bb93"
      url: "https://pub.dev"
    source: hosted
    version: "6.1.3"
  firebase_auth_platform_interface:
    dependency: transitive
    description:
      name: firebase_auth_platform_interface
      sha256: e91c9aadf9944e8319855fa752fd6c664bade2bbd6e7697a5142113c319a4288
      url: "https://pub.dev"
    source: hosted
    version: "8.1.5"
  firebase_auth_web:
    dependency: transitive
    description:
      name: firebase_auth_web
      sha256: "155145fd84f311e50eb2bfeb892f74b0d1b30936f40765a051b70110270cb6d1"
      url: "https://pub.dev"
    source: hosted
    version: "6.1.1"
  firebase_core:
    dependency: "direct main"
    description:
      name: firebase_core
      sha256: "29cfa93c771d8105484acac340b5ea0835be371672c91405a300303986f4eba9"
      url: "https://pub.dev"
    source: hosted
    version: "4.3.0"
  firebase_core_platform_interface:
    dependency: transitive
    description:
      name: firebase_core_platform_interface
      sha256: cccb4f572325dc14904c02fcc7db6323ad62ba02536833dddb5c02cac7341c64
      url: "https://pub.dev"
    source: hosted
    version: "6.0.2"
  firebase_core_web:
    dependency: transitive
    description:
      name: firebase_core_web
      sha256: a631bbfbfa26963d68046aed949df80b228964020e9155b086eff94f462bbf1f
      url: "https://pub.dev"
    source: hosted
    version: "3.3.1"
  firebase_crashlytics:
    dependency: "direct main"
    description:
      name: firebase_crashlytics
      sha256: "8d52022ee6fdd224e92c042f297d1fd0ec277195c49f39fa61b8cc500a639f00"
      url: "https://pub.dev"
    source: hosted
    version: "5.0.6"
  firebase_crashlytics_platform_interface:
    dependency: transitive
    description:
      name: firebase_crashlytics_platform_interface
      sha256: "97c6a97b35e3d3dafe38fb053a65086a1efb125022d292161405848527cc25a4"
      url: "https://pub.dev"
    source: hosted
    version: "3.8.16"
  firebase_messaging:
    dependency: "direct main"
    description:
      name: firebase_messaging
      sha256: "1ad663fbb6758acec09d7e84a2e6478265f0a517f40ef77c573efd5e0089f400"
      url: "https://pub.dev"
    source: hosted
    version: "16.1.0"
  firebase_messaging_platform_interface:
    dependency: transitive
    description:
      name: firebase_messaging_platform_interface
      sha256: ea620e841fbcec62a96984295fc628f53ef5a8da4f53238159719ed0af7db834
      url: "https://pub.dev"
    source: hosted
    version: "4.7.5"
  firebase_messaging_web:
    dependency: transitive
    description:
      name: firebase_messaging_web
      sha256: "7d0fb6256202515bba8489a3d69c6bc9d52d69a4999bad789053b486c8e7323e"
      url: "https://pub.dev"
    source: hosted
    version: "4.1.1"
  firebase_storage:
    dependency: "direct main"
    description:
      name: firebase_storage
      sha256: "5321a88518d992d03f8482bc48ede9cfb315b465bd59f1587468bc2f4a809d08"
      url: "https://pub.dev"
    source: hosted
    version: "13.0.5"
  firebase_storage_mocks:
    dependency: "direct dev"
    description:
      name: firebase_storage_mocks
      sha256: "301842d94ccb1ebb1945ca2ee6d1d36784ffa31a29bc53e26b7c76e31caed341"
      url: "https://pub.dev"
    source: hosted
    version: "0.8.0+1"
  firebase_storage_platform_interface:
    dependency: transitive
    description:
      name: firebase_storage_platform_interface
      sha256: dbcd5363a6b2edf2d1238fc22f10f4a39f0ea991a432b4fc43871ea31647cf5a
      url: "https://pub.dev"
    source: hosted
    version: "5.2.16"
  firebase_storage_web:
    dependency: transitive
    description:
      name: firebase_storage_web
      sha256: "141ada1185fbd4a982d7cdd4486d1e42fe616db6024e22f7fcb3e9df388be8b4"
      url: "https://pub.dev"
    source: hosted
    version: "3.11.1"
  fixnum:
    dependency: transitive
    description:
      name: fixnum
      sha256: b6dc7065e46c974bc7c5f143080a6764ec7a4be6da1285ececdc37be96de53be
      url: "https://pub.dev"
    source: hosted
    version: "1.1.1"
  flutter:
    dependency: "direct main"
    description: flutter
    source: sdk
    version: "0.0.0"
  flutter_driver:
    dependency: transitive
    description: flutter
    source: sdk
    version: "0.0.0"
  flutter_launcher_icons:
    dependency: "direct dev"
    description:
      name: flutter_launcher_icons
      sha256: "10f13781741a2e3972126fae08393d3c4e01fa4cd7473326b94b72cf594195e7"
      url: "https://pub.dev"
    source: hosted
    version: "0.14.4"
  flutter_lints:
    dependency: "direct dev"
    description:
      name: flutter_lints
      sha256: "3105dc8492f6183fb076ccf1f351ac3d60564bff92e20bfc4af9cc1651f4e7e1"
      url: "https://pub.dev"
    source: hosted
    version: "6.0.0"
  flutter_plugin_android_lifecycle:
    dependency: transitive
    description:
      name: flutter_plugin_android_lifecycle
      sha256: ee8068e0e1cd16c4a82714119918efdeed33b3ba7772c54b5d094ab53f9b7fd1
      url: "https://pub.dev"
    source: hosted
    version: "2.0.33"
  flutter_test:
    dependency: "direct dev"
    description: flutter
    source: sdk
    version: "0.0.0"
  flutter_web_plugins:
    dependency: transitive
    description: flutter
    source: sdk
    version: "0.0.0"
  fuchsia_remote_debug_protocol:
    dependency: transitive
    description: flutter
    source: sdk
    version: "0.0.0"
  geoclue:
    dependency: transitive
    description:
      name: geoclue
      sha256: c2a998c77474fc57aa00c6baa2928e58f4b267649057a1c76738656e9dbd2a7f
      url: "https://pub.dev"
    source: hosted
    version: "0.1.1"
  geolocator:
    dependency: "direct main"
    description:
      name: geolocator
      sha256: "79939537046c9025be47ec645f35c8090ecadb6fe98eba146a0d25e8c1357516"
      url: "https://pub.dev"
    source: hosted
    version: "14.0.2"
  geolocator_android:
    dependency: transitive
    description:
      name: geolocator_android
      sha256: "179c3cb66dfa674fc9ccbf2be872a02658724d1c067634e2c427cf6df7df901a"
      url: "https://pub.dev"
    source: hosted
    version: "5.0.2"
  geolocator_apple:
    dependency: transitive
    description:
      name: geolocator_apple
      sha256: dbdd8789d5aaf14cf69f74d4925ad1336b4433a6efdf2fce91e8955dc921bf22
      url: "https://pub.dev"
    source: hosted
    version: "2.3.13"
  geolocator_linux:
    dependency: transitive
    description:
      name: geolocator_linux
      sha256: c4e966f0a7a87e70049eac7a2617f9e16fd4c585a26e4330bdfc3a71e6a721f3
      url: "https://pub.dev"
    source: hosted
    version: "0.2.3"
  geolocator_platform_interface:
    dependency: transitive
    description:
      name: geolocator_platform_interface
      sha256: "30cb64f0b9adcc0fb36f628b4ebf4f731a2961a0ebd849f4b56200205056fe67"
      url: "https://pub.dev"
    source: hosted
    version: "4.2.6"
  geolocator_web:
    dependency: transitive
    description:
      name: geolocator_web
      sha256: b1ae9bdfd90f861fde8fd4f209c37b953d65e92823cb73c7dee1fa021b06f172
      url: "https://pub.dev"
    source: hosted
    version: "4.1.3"
  geolocator_windows:
    dependency: transitive
    description:
      name: geolocator_windows
      sha256: "175435404d20278ffd220de83c2ca293b73db95eafbdc8131fe8609be1421eb6"
      url: "https://pub.dev"
    source: hosted
    version: "0.2.5"
  go_router:
    dependency: "direct main"
    description:
      name: go_router
      sha256: d8f590a69729f719177ea68eb1e598295e8dbc41bbc247fed78b2c8a25660d7c
      url: "https://pub.dev"
    source: hosted
    version: "16.3.0"
  google_identity_services_web:
    dependency: transitive
    description:
      name: google_identity_services_web
      sha256: "5d187c46dc59e02646e10fe82665fc3884a9b71bc1c90c2b8b749316d33ee454"
      url: "https://pub.dev"
    source: hosted
    version: "0.3.3+1"
  google_maps:
    dependency: transitive
    description:
      name: google_maps
      sha256: "5d410c32112d7c6eb7858d359275b2aa04778eed3e36c745aeae905fb2fa6468"
      url: "https://pub.dev"
    source: hosted
    version: "8.2.0"
  google_maps_flutter:
    dependency: "direct main"
    description:
      name: google_maps_flutter
      sha256: "819985697596a42e1054b5feb2f407ba1ac92262e02844a40168e742b9f36dca"
      url: "https://pub.dev"
    source: hosted
    version: "2.14.0"
  google_maps_flutter_android:
    dependency: transitive
    description:
      name: google_maps_flutter_android
      sha256: "3835f6ae5e8b8d4d454d913575069513c9f216e088b87aa5c18cb3610951c6b4"
      url: "https://pub.dev"
    source: hosted
    version: "2.18.6"
  google_maps_flutter_ios:
    dependency: transitive
    description:
      name: google_maps_flutter_ios
      sha256: "115b03c2e637e74d084a78c0e1faf42884fcd8e65d1a9ce58d909ca5493afa32"
      url: "https://pub.dev"
    source: hosted
    version: "2.15.7"
  google_maps_flutter_platform_interface:
    dependency: transitive
    description:
      name: google_maps_flutter_platform_interface
      sha256: e8b1232419fcdd35c1fdafff96843f5a40238480365599d8ca661dde96d283dd
      url: "https://pub.dev"
    source: hosted
    version: "2.14.1"
  google_maps_flutter_web:
    dependency: transitive
    description:
      name: google_maps_flutter_web
      sha256: d416602944e1859f3cbbaa53e34785c223fa0a11eddb34a913c964c5cbb5d8cf
      url: "https://pub.dev"
    source: hosted
    version: "0.5.14+3"
  google_sign_in:
    dependency: "direct main"
    description:
      name: google_sign_in
      sha256: "521031b65853b4409b8213c0387d57edaad7e2a949ce6dea0d8b2afc9cb29763"
      url: "https://pub.dev"
    source: hosted
    version: "7.2.0"
  google_sign_in_android:
    dependency: transitive
    description:
      name: google_sign_in_android
      sha256: "5ec98ab35387c68c0050495bb211bd88375873723a80fae7c2e9266ea0bdd8bb"
      url: "https://pub.dev"
    source: hosted
    version: "7.2.7"
  google_sign_in_ios:
    dependency: transitive
    description:
      name: google_sign_in_ios
      sha256: aee8bb29484611a37607849175a2009d423de6bd7c129326c69fd7068f0b6ed7
      url: "https://pub.dev"
    source: hosted
    version: "6.2.4"
  google_sign_in_platform_interface:
    dependency: transitive
    description:
      name: google_sign_in_platform_interface
      sha256: "7f59208c42b415a3cca203571128d6f84f885fead2d5b53eb65a9e27f2965bb5"
      url: "https://pub.dev"
    source: hosted
    version: "3.1.0"
  google_sign_in_web:
    dependency: transitive
    description:
      name: google_sign_in_web
      sha256: "2fc1f941e6443b2d6984f4056a727a3eaeab15d8ee99ba7125d79029be75a1da"
      url: "https://pub.dev"
    source: hosted
    version: "1.1.0"
  gsettings:
    dependency: transitive
    description:
      name: gsettings
      sha256: "1b0ce661f5436d2db1e51f3c4295a49849f03d304003a7ba177d01e3a858249c"
      url: "https://pub.dev"
    source: hosted
    version: "0.2.8"
  html:
    dependency: transitive
    description:
      name: html
      sha256: "6d1264f2dffa1b1101c25a91dff0dc2daee4c18e87cd8538729773c073dbf602"
      url: "https://pub.dev"
    source: hosted
    version: "0.15.6"
  http:
    dependency: "direct main"
    description:
      name: http
      sha256: "87721a4a50b19c7f1d49001e51409bddc46303966ce89a65af4f4e6004896412"
      url: "https://pub.dev"
    source: hosted
    version: "1.6.0"
  http_parser:
    dependency: transitive
    description:
      name: http_parser
      sha256: "178d74305e7866013777bab2c3d8726205dc5a4dd935297175b19a23a2e66571"
      url: "https://pub.dev"
    source: hosted
    version: "4.1.2"
  image:
    dependency: transitive
    description:
      name: image
      sha256: "51555e36056541237b15b57afc31a0f53d4f9aefd9bd00873a6dc0090e54e332"
      url: "https://pub.dev"
    source: hosted
    version: "4.6.0"
  image_cropper:
    dependency: "direct main"
    description:
      name: image_cropper
      sha256: "4e9c96c029eb5a23798da1b6af39787f964da6ffc78fd8447c140542a9f7c6fc"
      url: "https://pub.dev"
    source: hosted
    version: "9.1.0"
  image_cropper_for_web:
    dependency: transitive
    description:
      name: image_cropper_for_web
      sha256: fd81ebe36f636576094377aab32673c4e5d1609b32dec16fad98d2b71f1250a9
      url: "https://pub.dev"
    source: hosted
    version: "6.1.0"
  image_cropper_platform_interface:
    dependency: transitive
    description:
      name: image_cropper_platform_interface
      sha256: "2d8db8f4b638e448fa89a1e77cd8f053b4547472bd3ae073169e86626d03afef"
      url: "https://pub.dev"
    source: hosted
    version: "7.2.0"
  image_picker:
    dependency: "direct main"
    description:
      name: image_picker
      sha256: "784210112be18ea55f69d7076e2c656a4e24949fa9e76429fe53af0c0f4fa320"
      url: "https://pub.dev"
    source: hosted
    version: "1.2.1"
  image_picker_android:
    dependency: transitive
    description:
      name: image_picker_android
      sha256: "5e9bf126c37c117cf8094215373c6d561117a3cfb50ebc5add1a61dc6e224677"
      url: "https://pub.dev"
    source: hosted
    version: "0.8.13+10"
  image_picker_for_web:
    dependency: transitive
    description:
      name: image_picker_for_web
      sha256: "66257a3191ab360d23a55c8241c91a6e329d31e94efa7be9cf7a212e65850214"
      url: "https://pub.dev"
    source: hosted
    version: "3.1.1"
  image_picker_ios:
    dependency: transitive
    description:
      name: image_picker_ios
      sha256: "956c16a42c0c708f914021666ffcd8265dde36e673c9fa68c81f7d085d9774ad"
      url: "https://pub.dev"
    source: hosted
    version: "0.8.13+3"
  image_picker_linux:
    dependency: transitive
    description:
      name: image_picker_linux
      sha256: "1f81c5f2046b9ab724f85523e4af65be1d47b038160a8c8deed909762c308ed4"
      url: "https://pub.dev"
    source: hosted
    version: "0.2.2"
  image_picker_macos:
    dependency: transitive
    description:
      name: image_picker_macos
      sha256: "86f0f15a309de7e1a552c12df9ce5b59fe927e71385329355aec4776c6a8ec91"
      url: "https://pub.dev"
    source: hosted
    version: "0.2.2+1"
  image_picker_platform_interface:
    dependency: transitive
    description:
      name: image_picker_platform_interface
      sha256: "567e056716333a1647c64bb6bd873cff7622233a5c3f694be28a583d4715690c"
      url: "https://pub.dev"
    source: hosted
    version: "2.11.1"
  image_picker_windows:
    dependency: transitive
    description:
      name: image_picker_windows
      sha256: d248c86554a72b5495a31c56f060cf73a41c7ff541689327b1a7dbccc33adfae
      url: "https://pub.dev"
    source: hosted
    version: "0.2.2"
  integration_test:
    dependency: "direct dev"
    description: flutter
    source: sdk
    version: "0.0.0"
  json_annotation:
    dependency: transitive
    description:
      name: json_annotation
      sha256: "1ce844379ca14835a50d2f019a3099f419082cfdd231cd86a142af94dd5c6bb1"
      url: "https://pub.dev"
    source: hosted
    version: "4.9.0"
  leak_tracker:
    dependency: transitive
    description:
      name: leak_tracker
      sha256: "33e2e26bdd85a0112ec15400c8cbffea70d0f9c3407491f672a2fad47915e2de"
      url: "https://pub.dev"
    source: hosted
    version: "11.0.2"
  leak_tracker_flutter_testing:
    dependency: transitive
    description:
      name: leak_tracker_flutter_testing
      sha256: "1dbc140bb5a23c75ea9c4811222756104fbcd1a27173f0c34ca01e16bea473c1"
      url: "https://pub.dev"
    source: hosted
    version: "3.0.10"
  leak_tracker_testing:
    dependency: transitive
    description:
      name: leak_tracker_testing
      sha256: "8d5a2d49f4a66b49744b23b018848400d23e54caf9463f4eb20df3eb8acb2eb1"
      url: "https://pub.dev"
    source: hosted
    version: "3.0.2"
  lints:
    dependency: transitive
    description:
      name: lints
      sha256: a5e2b223cb7c9c8efdc663ef484fdd95bb243bff242ef5b13e26883547fce9a0
      url: "https://pub.dev"
    source: hosted
    version: "6.0.0"
  logger:
    dependency: transitive
    description:
      name: logger
      sha256: a7967e31b703831a893bbc3c3dd11db08126fe5f369b5c648a36f821979f5be3
      url: "https://pub.dev"
    source: hosted
    version: "2.6.2"
  logging:
    dependency: transitive
    description:
      name: logging
      sha256: c8245ada5f1717ed44271ed1c26b8ce85ca3228fd2ffdb75468ab01979309d61
      url: "https://pub.dev"
    source: hosted
    version: "1.3.0"
  matcher:
    dependency: transitive
    description:
      name: matcher
      sha256: dc58c723c3c24bf8d3e2d3ad3f2f9d7bd9cf43ec6feaa64181775e60190153f2
      url: "https://pub.dev"
    source: hosted
    version: "0.12.17"
  material_color_utilities:
    dependency: transitive
    description:
      name: material_color_utilities
      sha256: f7142bb1154231d7ea5f96bc7bde4bda2a0945d2806bb11670e30b850d56bdec
      url: "https://pub.dev"
    source: hosted
    version: "0.11.1"
  meta:
    dependency: transitive
    description:
      name: meta
      sha256: "23f08335362185a5ea2ad3a4e597f1375e78bce8a040df5c600c8d3552ef2394"
      url: "https://pub.dev"
    source: hosted
    version: "1.17.0"
  mime:
    dependency: transitive
    description:
      name: mime
      sha256: "41a20518f0cb1256669420fdba0cd90d21561e560ac240f26ef8322e45bb7ed6"
      url: "https://pub.dev"
    source: hosted
    version: "2.0.0"
  mock_exceptions:
    dependency: transitive
    description:
      name: mock_exceptions
      sha256: "6e3e623712d2c6106ffe9e14732912522b565ddaa82a8dcee6cd4441b5984056"
      url: "https://pub.dev"
    source: hosted
    version: "0.8.2"
  more:
    dependency: transitive
    description:
      name: more
      sha256: e252628d2183cc09539b686abfbd9d8302675959b89a2a8146f5f4baca6ac5ba
      url: "https://pub.dev"
    source: hosted
    version: "4.7.0"
  package_info_plus:
    dependency: transitive
    description:
      name: package_info_plus
      sha256: "16eee997588c60225bda0488b6dcfac69280a6b7a3cf02c741895dd370a02968"
      url: "https://pub.dev"
    source: hosted
    version: "8.3.1"
  package_info_plus_platform_interface:
    dependency: transitive
    description:
      name: package_info_plus_platform_interface
      sha256: "202a487f08836a592a6bd4f901ac69b3a8f146af552bbd14407b6b41e1c3f086"
      url: "https://pub.dev"
    source: hosted
    version: "3.2.1"
  path:
    dependency: transitive
    description:
      name: path
      sha256: "75cca69d1490965be98c73ceaea117e8a04dd21217b37b292c9ddbec0d955bc5"
      url: "https://pub.dev"
    source: hosted
    version: "1.9.1"
  path_provider_linux:
    dependency: transitive
    description:
      name: path_provider_linux
      sha256: f7a1fe3a634fe7734c8d3f2766ad746ae2a2884abe22e241a8b301bf5cac3279
      url: "https://pub.dev"
    source: hosted
    version: "2.2.1"
  path_provider_platform_interface:
    dependency: transitive
    description:
      name: path_provider_platform_interface
      sha256: "88f5779f72ba699763fa3a3b06aa4bf6de76c8e5de842cf6f29e2e06476c2334"
      url: "https://pub.dev"
    source: hosted
    version: "2.1.2"
  path_provider_windows:
    dependency: transitive
    description:
      name: path_provider_windows
      sha256: bd6f00dbd873bfb70d0761682da2b3a2c2fccc2b9e84c495821639601d81afe7
      url: "https://pub.dev"
    source: hosted
    version: "2.3.0"
  petitparser:
    dependency: transitive
    description:
      name: petitparser
      sha256: "1a97266a94f7350d30ae522c0af07890c70b8e62c71e8e3920d1db4d23c057d1"
      url: "https://pub.dev"
    source: hosted
    version: "7.0.1"
  platform:
    dependency: transitive
    description:
      name: platform
      sha256: "5d6b1b0036a5f331ebc77c850ebc8506cbc1e9416c27e59b439f917a902a4984"
      url: "https://pub.dev"
    source: hosted
    version: "3.1.6"
  plugin_platform_interface:
    dependency: transitive
    description:
      name: plugin_platform_interface
      sha256: "4820fbfdb9478b1ebae27888254d445073732dae3d6ea81f0b7e06d5dedc3f02"
      url: "https://pub.dev"
    source: hosted
    version: "2.1.8"
  posix:
    dependency: transitive
    description:
      name: posix
      sha256: "6323a5b0fa688b6a010df4905a56b00181479e6d10534cecfecede2aa55add61"
      url: "https://pub.dev"
    source: hosted
    version: "6.0.3"
  process:
    dependency: transitive
    description:
      name: process
      sha256: c6248e4526673988586e8c00bb22a49210c258dc91df5227d5da9748ecf79744
      url: "https://pub.dev"
    source: hosted
    version: "5.0.5"
  quiver:
    dependency: transitive
    description:
      name: quiver
      sha256: ea0b925899e64ecdfbf9c7becb60d5b50e706ade44a85b2363be2a22d88117d2
      url: "https://pub.dev"
    source: hosted
    version: "3.2.2"
  rx:
    dependency: transitive
    description:
      name: rx
      sha256: "7f54bd39cc63a01c770c1de4b6ce8e135eb13119614cba2216bd9a93ccd29e56"
      url: "https://pub.dev"
    source: hosted
    version: "0.4.0"
  rxdart:
    dependency: "direct main"
    description:
      name: rxdart
      sha256: "5c3004a4a8dbb94bd4bf5412a4def4acdaa12e12f269737a5751369e12d1a962"
      url: "https://pub.dev"
    source: hosted
    version: "0.28.0"
  sanitize_html:
    dependency: transitive
    description:
      name: sanitize_html
      sha256: "12669c4a913688a26555323fb9cec373d8f9fbe091f2d01c40c723b33caa8989"
      url: "https://pub.dev"
    source: hosted
    version: "2.1.0"
  screenshot:
    dependency: "direct main"
    description:
      name: screenshot
      sha256: "63817697a7835e6ce82add4228e15d233b74d42975c143ad8cfe07009fab866b"
      url: "https://pub.dev"
    source: hosted
    version: "3.0.0"
  shared_preferences:
    dependency: "direct main"
    description:
      name: shared_preferences
      sha256: "2939ae520c9024cb197fc20dee269cd8cdbf564c8b5746374ec6cacdc5169e64"
      url: "https://pub.dev"
    source: hosted
    version: "2.5.4"
  shared_preferences_android:
    dependency: transitive
    description:
      name: shared_preferences_android
      sha256: "83af5c682796c0f7719c2bbf74792d113e40ae97981b8f266fa84574573556bc"
      url: "https://pub.dev"
    source: hosted
    version: "2.4.18"
  shared_preferences_foundation:
    dependency: transitive
    description:
      name: shared_preferences_foundation
      sha256: "4e7eaffc2b17ba398759f1151415869a34771ba11ebbccd1b0145472a619a64f"
      url: "https://pub.dev"
    source: hosted
    version: "2.5.6"
  shared_preferences_linux:
    dependency: transitive
    description:
      name: shared_preferences_linux
      sha256: "580abfd40f415611503cae30adf626e6656dfb2f0cee8f465ece7b6defb40f2f"
      url: "https://pub.dev"
    source: hosted
    version: "2.4.1"
  shared_preferences_platform_interface:
    dependency: transitive
    description:
      name: shared_preferences_platform_interface
      sha256: "57cbf196c486bc2cf1f02b85784932c6094376284b3ad5779d1b1c6c6a816b80"
      url: "https://pub.dev"
    source: hosted
    version: "2.4.1"
  shared_preferences_web:
    dependency: transitive
    description:
      name: shared_preferences_web
      sha256: c49bd060261c9a3f0ff445892695d6212ff603ef3115edbb448509d407600019
      url: "https://pub.dev"
    source: hosted
    version: "2.4.3"
  shared_preferences_windows:
    dependency: transitive
    description:
      name: shared_preferences_windows
      sha256: "94ef0f72b2d71bc3e700e025db3710911bd51a71cefb65cc609dd0d9a982e3c1"
      url: "https://pub.dev"
    source: hosted
    version: "2.4.1"
  sky_engine:
    dependency: transitive
    description: flutter
    source: sdk
    version: "0.0.0"
  source_span:
    dependency: transitive
    description:
      name: source_span
      sha256: "254ee5351d6cb365c859e20ee823c3bb479bf4a293c22d17a9f1bf144ce86f7c"
      url: "https://pub.dev"
    source: hosted
    version: "1.10.1"
  stack_trace:
    dependency: transitive
    description:
      name: stack_trace
      sha256: "8b27215b45d22309b5cddda1aa2b19bdfec9df0e765f2de506401c071d38d1b1"
      url: "https://pub.dev"
    source: hosted
    version: "1.12.1"
  stream_channel:
    dependency: transitive
    description:
      name: stream_channel
      sha256: "969e04c80b8bcdf826f8f16579c7b14d780458bd97f56d107d3950fdbeef059d"
      url: "https://pub.dev"
    source: hosted
    version: "2.1.4"
  stream_transform:
    dependency: transitive
    description:
      name: stream_transform
      sha256: ad47125e588cfd37a9a7f86c7d6356dde8dfe89d071d293f80ca9e9273a33871
      url: "https://pub.dev"
    source: hosted
    version: "2.1.1"
  string_scanner:
    dependency: transitive
    description:
      name: string_scanner
      sha256: "921cd31725b72fe181906c6a94d987c78e3b98c2e205b397ea399d4054872b43"
      url: "https://pub.dev"
    source: hosted
    version: "1.4.1"
  sync_http:
    dependency: transitive
    description:
      name: sync_http
      sha256: "7f0cd72eca000d2e026bcd6f990b81d0ca06022ef4e32fb257b30d3d1014a961"
      url: "https://pub.dev"
    source: hosted
    version: "0.3.1"
  term_glyph:
    dependency: transitive
    description:
      name: term_glyph
      sha256: "7f554798625ea768a7518313e58f83891c7f5024f88e46e7182a4558850a4b8e"
      url: "https://pub.dev"
    source: hosted
    version: "1.2.2"
  test_api:
    dependency: transitive
    description:
      name: test_api
      sha256: ab2726c1a94d3176a45960b6234466ec367179b87dd74f1611adb1f3b5fb9d55
      url: "https://pub.dev"
    source: hosted
    version: "0.7.7"
  tuple:
    dependency: transitive
    description:
      name: tuple
      sha256: a97ce2013f240b2f3807bcbaf218765b6f301c3eff91092bcfa23a039e7dd151
      url: "https://pub.dev"
    source: hosted
    version: "2.0.2"
  typed_data:
    dependency: transitive
    description:
      name: typed_data
      sha256: f9049c039ebfeb4cf7a7104a675823cd72dba8297f264b6637062516699fa006
      url: "https://pub.dev"
    source: hosted
    version: "1.4.0"
  url_launcher:
    dependency: "direct main"
    description:
      name: url_launcher
      sha256: f6a7e5c4835bb4e3026a04793a4199ca2d14c739ec378fdfe23fc8075d0439f8
      url: "https://pub.dev"
    source: hosted
    version: "6.3.2"
  url_launcher_android:
    dependency: transitive
    description:
      name: url_launcher_android
      sha256: "767344bf3063897b5cf0db830e94f904528e6dd50a6dfaf839f0abf509009611"
      url: "https://pub.dev"
    source: hosted
    version: "6.3.28"
  url_launcher_ios:
    dependency: transitive
    description:
      name: url_launcher_ios
      sha256: cfde38aa257dae62ffe79c87fab20165dfdf6988c1d31b58ebf59b9106062aad
      url: "https://pub.dev"
    source: hosted
    version: "6.3.6"
  url_launcher_linux:
    dependency: transitive
    description:
      name: url_launcher_linux
      sha256: d5e14138b3bc193a0f63c10a53c94b91d399df0512b1f29b94a043db7482384a
      url: "https://pub.dev"
    source: hosted
    version: "3.2.2"
  url_launcher_macos:
    dependency: transitive
    description:
      name: url_launcher_macos
      sha256: "368adf46f71ad3c21b8f06614adb38346f193f3a59ba8fe9a2fd74133070ba18"
      url: "https://pub.dev"
    source: hosted
    version: "3.2.5"
  url_launcher_platform_interface:
    dependency: transitive
    description:
      name: url_launcher_platform_interface
      sha256: "552f8a1e663569be95a8190206a38187b531910283c3e982193e4f2733f01029"
      url: "https://pub.dev"
    source: hosted
    version: "2.3.2"
  url_launcher_web:
    dependency: transitive
    description:
      name: url_launcher_web
      sha256: "4bd2b7b4dc4d4d0b94e5babfffbca8eac1a126c7f3d6ecbc1a11013faa3abba2"
      url: "https://pub.dev"
    source: hosted
    version: "2.4.1"
  url_launcher_windows:
    dependency: transitive
    description:
      name: url_launcher_windows
      sha256: "712c70ab1b99744ff066053cbe3e80c73332b38d46e5e945c98689b2e66fc15f"
      url: "https://pub.dev"
    source: hosted
    version: "3.1.5"
  uuid:
    dependency: transitive
    description:
      name: uuid
      sha256: a11b666489b1954e01d992f3d601b1804a33937b5a8fe677bd26b8a9f96f96e8
      url: "https://pub.dev"
    source: hosted
    version: "4.5.2"
  vector_math:
    dependency: transitive
    description:
      name: vector_math
      sha256: d530bd74fea330e6e364cda7a85019c434070188383e1cd8d9777ee586914c5b
      url: "https://pub.dev"
    source: hosted
    version: "2.2.0"
  vm_service:
    dependency: transitive
    description:
      name: vm_service
      sha256: "45caa6c5917fa127b5dbcfbd1fa60b14e583afdc08bfc96dda38886ca252eb60"
      url: "https://pub.dev"
    source: hosted
    version: "15.0.2"
  web:
    dependency: transitive
    description:
      name: web
      sha256: "868d88a33d8a87b18ffc05f9f030ba328ffefba92d6c127917a2ba740f9cfe4a"
      url: "https://pub.dev"
    source: hosted
    version: "1.1.1"
  webdriver:
    dependency: transitive
    description:
      name: webdriver
      sha256: "2f3a14ca026957870cfd9c635b83507e0e51d8091568e90129fbf805aba7cade"
      url: "https://pub.dev"
    source: hosted
    version: "3.1.0"
  win32:
    dependency: transitive
    description:
      name: win32
      sha256: d7cb55e04cd34096cd3a79b3330245f54cb96a370a1c27adb3c84b917de8b08e
      url: "https://pub.dev"
    source: hosted
    version: "5.15.0"
  xdg_directories:
    dependency: transitive
    description:
      name: xdg_directories
      sha256: "7a3f37b05d989967cdddcbb571f1ea834867ae2faa29725fd085180e0883aa15"
      url: "https://pub.dev"
    source: hosted
    version: "1.1.0"
  xml:
    dependency: transitive
    description:
      name: xml
      sha256: "971043b3a0d3da28727e40ed3e0b5d18b742fa5a68665cca88e74b7876d5e025"
      url: "https://pub.dev"
    source: hosted
    version: "6.6.1"
  yaml:
    dependency: transitive
    description:
      name: yaml
      sha256: b9da305ac7c39faa3f030eccd175340f968459dae4af175130b3fc47e40d76ce
      url: "https://pub.dev"
    source: hosted
    version: "3.1.3"
sdks:
  dart: ">=3.9.0 <4.0.0"
  flutter: ">=3.35.0"
